
Microsoft Visual Studio Solution File, Format Version 12.00
# Visual Studio Version 17
VisualStudioVersion = 17.7.34202.233
MinimumVisualStudioVersion = 10.0.40219.1
Project("{9A19103F-16F7-4668-BE54-9A1E7A4F7556}") = "PeliculasAPI", "PeliculasAPI\PeliculasAPI.csproj", "{56870978-D390-45FD-B9A7-478A5C7326A7}"
EndProject
Project("{2150E333-8FDC-42A3-9474-1A3956D46DE8}") = "Proyecto", "Proyecto", "{3E6E80B9-29AC-409B-9522-42E87D1CE6DD}"
EndProject
Project("{FAE04EC0-301F-11D3-BF4B-00C04F79EFBC}") = "PeliculasApi.Tests", "PeliculasApi.Tests\PeliculasApi.Tests.csproj", "{EDDA2714-77CB-4EDD-AD19-971A26FAAAF7}"
EndProject
Project("{2150E333-8FDC-42A3-9474-1A3956D46DE8}") = "PruebasUnitarias", "PruebasUnitarias", "{77482D58-754F-4C72-839E-319FC9205846}"
EndProject
Global
	GlobalSection(SolutionConfigurationPlatforms) = preSolution
		Debug|Any CPU = Debug|Any CPU
		Release|Any CPU = Release|Any CPU
	EndGlobalSection
	GlobalSection(ProjectConfigurationPlatforms) = postSolution
		{56870978-D390-45FD-B9A7-478A5C7326A7}.Debug|Any CPU.ActiveCfg = Debug|Any CPU
		{56870978-D390-45FD-B9A7-478A5C7326A7}.Debug|Any CPU.Build.0 = Debug|Any CPU
		{56870978-D390-45FD-B9A7-478A5C7326A7}.Release|Any CPU.ActiveCfg = Release|Any CPU
		{56870978-D390-45FD-B9A7-478A5C7326A7}.Release|Any CPU.Build.0 = Release|Any CPU
		{EDDA2714-77CB-4EDD-AD19-971A26FAAAF7}.Debug|Any CPU.ActiveCfg = Debug|Any CPU
		{EDDA2714-77CB-4EDD-AD19-971A26FAAAF7}.Debug|Any CPU.Build.0 = Debug|Any CPU
		{EDDA2714-77CB-4EDD-AD19-971A26FAAAF7}.Release|Any CPU.ActiveCfg = Release|Any CPU
		{EDDA2714-77CB-4EDD-AD19-971A26FAAAF7}.Release|Any CPU.Build.0 = Release|Any CPU
	EndGlobalSection
	GlobalSection(SolutionProperties) = preSolution
		HideSolutionNode = FALSE
	EndGlobalSection
	GlobalSection(NestedProjects) = preSolution
		{56870978-D390-45FD-B9A7-478A5C7326A7} = {3E6E80B9-29AC-409B-9522-42E87D1CE6DD}
		{EDDA2714-77CB-4EDD-AD19-971A26FAAAF7} = {77482D58-754F-4C72-839E-319FC9205846}
	EndGlobalSection
	GlobalSection(ExtensibilityGlobals) = postSolution
		SolutionGuid = {E2AF1D5C-9E6C-419E-8CEC-46275171BEDB}
	EndGlobalSection
EndGlobal
